// !$*UTF8*$!
{
	archiveVersion = 1;
	classes = {
	};
	objectVersion = 50;
	objects = {

/* Begin PBXBuildFile section */
		740E1DA52606207700074746 /* FructusApp.swift in Sources */ = {isa = PBXBuildFile; fileRef = 740E1DA42606207700074746 /* FructusApp.swift */; };
		740E1DA72606207700074746 /* ContentView.swift in Sources */ = {isa = PBXBuildFile; fileRef = 740E1DA62606207700074746 /* ContentView.swift */; };
		740E1DA92606207800074746 /* Assets.xcassets in Resources */ = {isa = PBXBuildFile; fileRef = 740E1DA82606207800074746 /* Assets.xcassets */; };
		740E1DAC2606207800074746 /* Preview Assets.xcassets in Resources */ = {isa = PBXBuildFile; fileRef = 740E1DAB2606207800074746 /* Preview Assets.xcassets */; };
		7426EFCA2606567B00DC22C9 /* FruitRowView.swift in Sources */ = {isa = PBXBuildFile; fileRef = 7426EFC92606567B00DC22C9 /* FruitRowView.swift */; };
		7426EFCD26065C4F00DC22C9 /* FruitDetailView.swift in Sources */ = {isa = PBXBuildFile; fileRef = 7426EFCC26065C4F00DC22C9 /* FruitDetailView.swift */; };
		7426EFD026065FAD00DC22C9 /* FruitHeaderView.swift in Sources */ = {isa = PBXBuildFile; fileRef = 7426EFCF26065FAD00DC22C9 /* FruitHeaderView.swift */; };
		7426EFD3260661B900DC22C9 /* SourceLinkView.swift in Sources */ = {isa = PBXBuildFile; fileRef = 7426EFD2260661B900DC22C9 /* SourceLinkView.swift */; };
		7426EFD62606637E00DC22C9 /* FruitNutrientsView.swift in Sources */ = {isa = PBXBuildFile; fileRef = 7426EFD52606637E00DC22C9 /* FruitNutrientsView.swift */; };
		7426EFD9260669D900DC22C9 /* README.md in Resources */ = {isa = PBXBuildFile; fileRef = 7426EFD8260669D900DC22C9 /* README.md */; };
		7426EFE026066AB700DC22C9 /* SettingsView.swift in Sources */ = {isa = PBXBuildFile; fileRef = 7426EFDF26066AB700DC22C9 /* SettingsView.swift */; };
		7426EFE326066E2A00DC22C9 /* SettingsLabelView.swift in Sources */ = {isa = PBXBuildFile; fileRef = 7426EFE226066E2A00DC22C9 /* SettingsLabelView.swift */; };
		7449FA8B26062D9400E2DE03 /* StartButtonView.swift in Sources */ = {isa = PBXBuildFile; fileRef = 7449FA8A26062D9400E2DE03 /* StartButtonView.swift */; };
		7449FA8E2606310700E2DE03 /* OnboardingView.swift in Sources */ = {isa = PBXBuildFile; fileRef = 7449FA8D2606310700E2DE03 /* OnboardingView.swift */; };
		7449FA96260632FA00E2DE03 /* FruitModel.swift in Sources */ = {isa = PBXBuildFile; fileRef = 7449FA95260632FA00E2DE03 /* FruitModel.swift */; };
		7449FA9A2606346600E2DE03 /* FruitData.swift in Sources */ = {isa = PBXBuildFile; fileRef = 7449FA992606346600E2DE03 /* FruitData.swift */; };
		74A2C5462606284500BF0ECE /* FruitCardView.swift in Sources */ = {isa = PBXBuildFile; fileRef = 74A2C5452606284500BF0ECE /* FruitCardView.swift */; };
/* End PBXBuildFile section */

/* Begin PBXFileReference section */
		740E1DA12606207700074746 /* Fructus.app */ = {isa = PBXFileReference; explicitFileType = wrapper.application; includeInIndex = 0; path = Fructus.app; sourceTree = BUILT_PRODUCTS_DIR; };
		740E1DA42606207700074746 /* FructusApp.swift */ = {isa = PBXFileReference; lastKnownFileType = sourcecode.swift; path = FructusApp.swift; sourceTree = "<group>"; };
		740E1DA62606207700074746 /* ContentView.swift */ = {isa = PBXFileReference; lastKnownFileType = sourcecode.swift; path = ContentView.swift; sourceTree = "<group>"; };
		740E1DA82606207800074746 /* Assets.xcassets */ = {isa = PBXFileReference; lastKnownFileType = folder.assetcatalog; path = Assets.xcassets; sourceTree = "<group>"; };
		740E1DAB2606207800074746 /* Preview Assets.xcassets */ = {isa = PBXFileReference; lastKnownFileType = folder.assetcatalog; path = "Preview Assets.xcassets"; sourceTree = "<group>"; };
		740E1DAD2606207800074746 /* Info.plist */ = {isa = PBXFileReference; lastKnownFileType = text.plist.xml; path = Info.plist; sourceTree = "<group>"; };
		7426EFC92606567B00DC22C9 /* FruitRowView.swift */ = {isa = PBXFileReference; lastKnownFileType = sourcecode.swift; path = FruitRowView.swift; sourceTree = "<group>"; };
		7426EFCC26065C4F00DC22C9 /* FruitDetailView.swift */ = {isa = PBXFileReference; lastKnownFileType = sourcecode.swift; path = FruitDetailView.swift; sourceTree = "<group>"; };
		7426EFCF26065FAD00DC22C9 /* FruitHeaderView.swift */ = {isa = PBXFileReference; lastKnownFileType = sourcecode.swift; path = FruitHeaderView.swift; sourceTree = "<group>"; };
		7426EFD2260661B900DC22C9 /* SourceLinkView.swift */ = {isa = PBXFileReference; lastKnownFileType = sourcecode.swift; path = SourceLinkView.swift; sourceTree = "<group>"; };
		7426EFD52606637E00DC22C9 /* FruitNutrientsView.swift */ = {isa = PBXFileReference; lastKnownFileType = sourcecode.swift; path = FruitNutrientsView.swift; sourceTree = "<group>"; };
		7426EFD8260669D900DC22C9 /* README.md */ = {isa = PBXFileReference; lastKnownFileType = net.daringfireball.markdown; path = README.md; sourceTree = "<group>"; };
		7426EFDF26066AB700DC22C9 /* SettingsView.swift */ = {isa = PBXFileReference; lastKnownFileType = sourcecode.swift; path = SettingsView.swift; sourceTree = "<group>"; };
		7426EFE226066E2A00DC22C9 /* SettingsLabelView.swift */ = {isa = PBXFileReference; lastKnownFileType = sourcecode.swift; path = SettingsLabelView.swift; sourceTree = "<group>"; };
		7449FA8A26062D9400E2DE03 /* StartButtonView.swift */ = {isa = PBXFileReference; lastKnownFileType = sourcecode.swift; path = StartButtonView.swift; sourceTree = "<group>"; };
		7449FA8D2606310700E2DE03 /* OnboardingView.swift */ = {isa = PBXFileReference; lastKnownFileType = sourcecode.swift; path = OnboardingView.swift; sourceTree = "<group>"; };
		7449FA95260632FA00E2DE03 /* FruitModel.swift */ = {isa = PBXFileReference; lastKnownFileType = sourcecode.swift; path = FruitModel.swift; sourceTree = "<group>"; };
		7449FA992606346600E2DE03 /* FruitData.swift */ = {isa = PBXFileReference; lastKnownFileType = sourcecode.swift; path = FruitData.swift; sourceTree = "<group>"; };
		74A2C5452606284500BF0ECE /* FruitCardView.swift */ = {isa = PBXFileReference; lastKnownFileType = sourcecode.swift; path = FruitCardView.swift; sourceTree = "<group>"; };
/* End PBXFileReference section */

/* Begin PBXFrameworksBuildPhase section */
		740E1D9E2606207700074746 /* Frameworks */ = {
			isa = PBXFrameworksBuildPhase;
			buildActionMask = 2147483647;
			files = (
			);
			runOnlyForDeploymentPostprocessing = 0;
		};
/* End PBXFrameworksBuildPhase section */

/* Begin PBXGroup section */
		740E1D982606207700074746 = {
			isa = PBXGroup;
			children = (
				7426EFD8260669D900DC22C9 /* README.md */,
				740E1DA32606207700074746 /* Fructus */,
				740E1DA22606207700074746 /* Products */,
			);
			sourceTree = "<group>";
		};
		740E1DA22606207700074746 /* Products */ = {
			isa = PBXGroup;
			children = (
				740E1DA12606207700074746 /* Fructus.app */,
			);
			name = Products;
			sourceTree = "<group>";
		};
		740E1DA32606207700074746 /* Fructus */ = {
			isa = PBXGroup;
			children = (
				7449FA982606345500E2DE03 /* Data */,
				7449FA90260632C700E2DE03 /* Model */,
				74A2C544260627F700BF0ECE /* View */,
				74A2C542260627C800BF0ECE /* App */,
				740E1DA82606207800074746 /* Assets.xcassets */,
				740E1DAD2606207800074746 /* Info.plist */,
				740E1DAA2606207800074746 /* Preview Content */,
			);
			path = Fructus;
			sourceTree = "<group>";
		};
		740E1DAA2606207800074746 /* Preview Content */ = {
			isa = PBXGroup;
			children = (
				740E1DAB2606207800074746 /* Preview Assets.xcassets */,
			);
			path = "Preview Content";
			sourceTree = "<group>";
		};
		7449FA90260632C700E2DE03 /* Model */ = {
			isa = PBXGroup;
			children = (
				7449FA95260632FA00E2DE03 /* FruitModel.swift */,
			);
			path = Model;
			sourceTree = "<group>";
		};
		7449FA982606345500E2DE03 /* Data */ = {
			isa = PBXGroup;
			children = (
				7449FA992606346600E2DE03 /* FruitData.swift */,
			);
			path = Data;
			sourceTree = "<group>";
		};
		74A2C542260627C800BF0ECE /* App */ = {
			isa = PBXGroup;
			children = (
				740E1DA42606207700074746 /* FructusApp.swift */,
				740E1DA62606207700074746 /* ContentView.swift */,
				7449FA8D2606310700E2DE03 /* OnboardingView.swift */,
				7426EFCC26065C4F00DC22C9 /* FruitDetailView.swift */,
				7426EFDF26066AB700DC22C9 /* SettingsView.swift */,
			);
			path = App;
			sourceTree = "<group>";
		};
		74A2C544260627F700BF0ECE /* View */ = {
			isa = PBXGroup;
			children = (
				74A2C5452606284500BF0ECE /* FruitCardView.swift */,
				7449FA8A26062D9400E2DE03 /* StartButtonView.swift */,
				7426EFC92606567B00DC22C9 /* FruitRowView.swift */,
				7426EFCF26065FAD00DC22C9 /* FruitHeaderView.swift */,
				7426EFD2260661B900DC22C9 /* SourceLinkView.swift */,
				7426EFD52606637E00DC22C9 /* FruitNutrientsView.swift */,
				7426EFE226066E2A00DC22C9 /* SettingsLabelView.swift */,
			);
			path = View;
			sourceTree = "<group>";
		};
/* End PBXGroup section */

/* Begin PBXNativeTarget section */
		740E1DA02606207700074746 /* Fructus */ = {
			isa = PBXNativeTarget;
			buildConfigurationList = 740E1DB02606207800074746 /* Build configuration list for PBXNativeTarget "Fructus" */;
			buildPhases = (
				740E1D9D2606207700074746 /* Sources */,
				740E1D9E2606207700074746 /* Frameworks */,
				740E1D9F2606207700074746 /* Resources */,
			);
			buildRules = (
			);
			dependencies = (
			);
			name = Fructus;
			productName = Fructus;
			productReference = 740E1DA12606207700074746 /* Fructus.app */;
			productType = "com.apple.product-type.application";
		};
/* End PBXNativeTarget section */

/* Begin PBXProject section */
		740E1D992606207700074746 /* Project object */ = {
			isa = PBXProject;
			attributes = {
				LastSwiftUpdateCheck = 1240;
				LastUpgradeCheck = 1240;
				TargetAttributes = {
					740E1DA02606207700074746 = {
						CreatedOnToolsVersion = 12.4;
					};
				};
			};
			buildConfigurationList = 740E1D9C2606207700074746 /* Build configuration list for PBXProject "Fructus" */;
			compatibilityVersion = "Xcode 9.3";
			developmentRegion = en;
			hasScannedForEncodings = 0;
			knownRegions = (
				en,
				Base,
			);
			mainGroup = 740E1D982606207700074746;
			productRefGroup = 740E1DA22606207700074746 /* Products */;
			projectDirPath = "";
			projectRoot = "";
			targets = (
				740E1DA02606207700074746 /* Fructus */,
			);
		};
/* End PBXProject section */

/* Begin PBXResourcesBuildPhase section */
		740E1D9F2606207700074746 /* Resources */ = {
			isa = PBXResourcesBuildPhase;
			buildActionMask = 2147483647;
			files = (
				7426EFD9260669D900DC22C9 /* README.md in Resources */,
				740E1DAC2606207800074746 /* Preview Assets.xcassets in Resources */,
				740E1DA92606207800074746 /* Assets.xcassets in Resources */,
			);
			runOnlyForDeploymentPostprocessing = 0;
		};
/* End PBXResourcesBuildPhase section */

/* Begin PBXSourcesBuildPhase section */
		740E1D9D2606207700074746 /* Sources */ = {
			isa = PBXSourcesBuildPhase;
			buildActionMask = 2147483647;
			files = (
				7449FA9A2606346600E2DE03 /* FruitData.swift in Sources */,
				7426EFD3260661B900DC22C9 /* SourceLinkView.swift in Sources */,
				74A2C5462606284500BF0ECE /* FruitCardView.swift in Sources */,
				7426EFCA2606567B00DC22C9 /* FruitRowView.swift in Sources */,
				7426EFD62606637E00DC22C9 /* FruitNutrientsView.swift in Sources */,
				7449FA8B26062D9400E2DE03 /* StartButtonView.swift in Sources */,
				7426EFCD26065C4F00DC22C9 /* FruitDetailView.swift in Sources */,
				740E1DA72606207700074746 /* ContentView.swift in Sources */,
				7426EFD026065FAD00DC22C9 /* FruitHeaderView.swift in Sources */,
				7449FA8E2606310700E2DE03 /* OnboardingView.swift in Sources */,
				7426EFE326066E2A00DC22C9 /* SettingsLabelView.swift in Sources */,
				7449FA96260632FA00E2DE03 /* FruitModel.swift in Sources */,
				740E1DA52606207700074746 /* FructusApp.swift in Sources */,
				7426EFE026066AB700DC22C9 /* SettingsView.swift in Sources */,
			);
			runOnlyForDeploymentPostprocessing = 0;
		};
/* End PBXSourcesBuildPhase section */

/* Begin XCBuildConfiguration section */
		740E1DAE2606207800074746 /* Debug */ = {
			isa = XCBuildConfiguration;
			buildSettings = {
				ALWAYS_SEARCH_USER_PATHS = NO;
				CLANG_ANALYZER_NONNULL = YES;
				CLANG_ANALYZER_NUMBER_OBJECT_CONVERSION = YES_AGGRESSIVE;
				CLANG_CXX_LANGUAGE_STANDARD = "gnu++14";
				CLANG_CXX_LIBRARY = "libc++";
				CLANG_ENABLE_MODULES = YES;
				CLANG_ENABLE_OBJC_ARC = YES;
				CLANG_ENABLE_OBJC_WEAK = YES;
				CLANG_WARN_BLOCK_CAPTURE_AUTORELEASING = YES;
				CLANG_WARN_BOOL_CONVERSION = YES;
				CLANG_WARN_COMMA = YES;
				CLANG_WARN_CONSTANT_CONVERSION = YES;
				CLANG_WARN_DEPRECATED_OBJC_IMPLEMENTATIONS = YES;
				CLANG_WARN_DIRECT_OBJC_ISA_USAGE = YES_ERROR;
				CLANG_WARN_DOCUMENTATION_COMMENTS = YES;
				CLANG_WARN_EMPTY_BODY = YES;
				CLANG_WARN_ENUM_CONVERSION = YES;
				CLANG_WARN_INFINITE_RECURSION = YES;
				CLANG_WARN_INT_CONVERSION = YES;
				CLANG_WARN_NON_LITERAL_NULL_CONVERSION = YES;
				CLANG_WARN_OBJC_IMPLICIT_RETAIN_SELF = YES;
				CLANG_WARN_OBJC_LITERAL_CONVERSION = YES;
				CLANG_WARN_OBJC_ROOT_CLASS = YES_ERROR;
				CLANG_WARN_QUOTED_INCLUDE_IN_FRAMEWORK_HEADER = YES;
				CLANG_WARN_RANGE_LOOP_ANALYSIS = YES;
				CLANG_WARN_STRICT_PROTOTYPES = YES;
				CLANG_WARN_SUSPICIOUS_MOVE = YES;
				CLANG_WARN_UNGUARDED_AVAILABILITY = YES_AGGRESSIVE;
				CLANG_WARN_UNREACHABLE_CODE = YES;
				CLANG_WARN__DUPLICATE_METHOD_MATCH = YES;
				COPY_PHASE_STRIP = NO;
				DEBUG_INFORMATION_FORMAT = dwarf;
				ENABLE_STRICT_OBJC_MSGSEND = YES;
				ENABLE_TESTABILITY = YES;
				GCC_C_LANGUAGE_STANDARD = gnu11;
				GCC_DYNAMIC_NO_PIC = NO;
				GCC_NO_COMMON_BLOCKS = YES;
				GCC_OPTIMIZATION_LEVEL = 0;
				GCC_PREPROCESSOR_DEFINITIONS = (
					"DEBUG=1",
					"$(inherited)",
				);
				GCC_WARN_64_TO_32_BIT_CONVERSION = YES;
				GCC_WARN_ABOUT_RETURN_TYPE = YES_ERROR;
				GCC_WARN_UNDECLARED_SELECTOR = YES;
				GCC_WARN_UNINITIALIZED_AUTOS = YES_AGGRESSIVE;
				GCC_WARN_UNUSED_FUNCTION = YES;
				GCC_WARN_UNUSED_VARIABLE = YES;
				IPHONEOS_DEPLOYMENT_TARGET = 14.4;
				MTL_ENABLE_DEBUG_INFO = INCLUDE_SOURCE;
				MTL_FAST_MATH = YES;
				ONLY_ACTIVE_ARCH = YES;
				SDKROOT = iphoneos;
				SWIFT_ACTIVE_COMPILATION_CONDITIONS = DEBUG;
				SWIFT_OPTIMIZATION_LEVEL = "-Onone";
			};
			name = Debug;
		};
		740E1DAF2606207800074746 /* Release */ = {
			isa = XCBuildConfiguration;
			buildSettings = {
				ALWAYS_SEARCH_USER_PATHS = NO;
				CLANG_ANALYZER_NONNULL = YES;
				CLANG_ANALYZER_NUMBER_OBJECT_CONVERSION = YES_AGGRESSIVE;
				CLANG_CXX_LANGUAGE_STANDARD = "gnu++14";
				CLANG_CXX_LIBRARY = "libc++";
				CLANG_ENABLE_MODULES = YES;
				CLANG_ENABLE_OBJC_ARC = YES;
				CLANG_ENABLE_OBJC_WEAK = YES;
				CLANG_WARN_BLOCK_CAPTURE_AUTORELEASING = YES;
				CLANG_WARN_BOOL_CONVERSION = YES;
				CLANG_WARN_COMMA = YES;
				CLANG_WARN_CONSTANT_CONVERSION = YES;
				CLANG_WARN_DEPRECATED_OBJC_IMPLEMENTATIONS = YES;
				CLANG_WARN_DIRECT_OBJC_ISA_USAGE = YES_ERROR;
				CLANG_WARN_DOCUMENTATION_COMMENTS = YES;
				CLANG_WARN_EMPTY_BODY = YES;
				CLANG_WARN_ENUM_CONVERSION = YES;
				CLANG_WARN_INFINITE_RECURSION = YES;
				CLANG_WARN_INT_CONVERSION = YES;
				CLANG_WARN_NON_LITERAL_NULL_CONVERSION = YES;
				CLANG_WARN_OBJC_IMPLICIT_RETAIN_SELF = YES;
				CLANG_WARN_OBJC_LITERAL_CONVERSION = YES;
				CLANG_WARN_OBJC_ROOT_CLASS = YES_ERROR;
				CLANG_WARN_QUOTED_INCLUDE_IN_FRAMEWORK_HEADER = YES;
				CLANG_WARN_RANGE_LOOP_ANALYSIS = YES;
				CLANG_WARN_STRICT_PROTOTYPES = YES;
				CLANG_WARN_SUSPICIOUS_MOVE = YES;
				CLANG_WARN_UNGUARDED_AVAILABILITY = YES_AGGRESSIVE;
				CLANG_WARN_UNREACHABLE_CODE = YES;
				CLANG_WARN__DUPLICATE_METHOD_MATCH = YES;
				COPY_PHASE_STRIP = NO;
				DEBUG_INFORMATION_FORMAT = "dwarf-with-dsym";
				ENABLE_NS_ASSERTIONS = NO;
				ENABLE_STRICT_OBJC_MSGSEND = YES;
				GCC_C_LANGUAGE_STANDARD = gnu11;
				GCC_NO_COMMON_BLOCKS = YES;
				GCC_WARN_64_TO_32_BIT_CONVERSION = YES;
				GCC_WARN_ABOUT_RETURN_TYPE = YES_ERROR;
				GCC_WARN_UNDECLARED_SELECTOR = YES;
				GCC_WARN_UNINITIALIZED_AUTOS = YES_AGGRESSIVE;
				GCC_WARN_UNUSED_FUNCTION = YES;
				GCC_WARN_UNUSED_VARIABLE = YES;
				IPHONEOS_DEPLOYMENT_TARGET = 14.4;
				MTL_ENABLE_DEBUG_INFO = NO;
				MTL_FAST_MATH = YES;
				SDKROOT = iphoneos;
				SWIFT_COMPILATION_MODE = wholemodule;
				SWIFT_OPTIMIZATION_LEVEL = "-O";
				VALIDATE_PRODUCT = YES;
			};
			name = Release;
		};
		740E1DB12606207800074746 /* Debug */ = {
			isa = XCBuildConfiguration;
			buildSettings = {
				ASSETCATALOG_COMPILER_APPICON_NAME = AppIcon;
				ASSETCATALOG_COMPILER_GLOBAL_ACCENT_COLOR_NAME = AccentColor;
				CODE_SIGN_STYLE = Automatic;
				DEVELOPMENT_ASSET_PATHS = "\"Fructus/Preview Content\"";
				ENABLE_PREVIEWS = YES;
				INFOPLIST_FILE = Fructus/Info.plist;
				IPHONEOS_DEPLOYMENT_TARGET = 14.0;
				LD_RUNPATH_SEARCH_PATHS = (
					"$(inherited)",
					"@executable_path/Frameworks",
				);
				PRODUCT_BUNDLE_IDENTIFIER = com.emmanuelokonji.Fructus;
				PRODUCT_NAME = "$(TARGET_NAME)";
				SWIFT_VERSION = 5.0;
				TARGETED_DEVICE_FAMILY = "1,2";
			};
			name = Debug;
		};
		740E1DB22606207800074746 /* Release */ = {
			isa = XCBuildConfiguration;
			buildSettings = {
				ASSETCATALOG_COMPILER_APPICON_NAME = AppIcon;
				ASSETCATALOG_COMPILER_GLOBAL_ACCENT_COLOR_NAME = AccentColor;
				CODE_SIGN_STYLE = Automatic;
				DEVELOPMENT_ASSET_PATHS = "\"Fructus/Preview Content\"";
				ENABLE_PREVIEWS = YES;
				INFOPLIST_FILE = Fructus/Info.plist;
				IPHONEOS_DEPLOYMENT_TARGET = 14.0;
				LD_RUNPATH_SEARCH_PATHS = (
					"$(inherited)",
					"@executable_path/Frameworks",
				);
				PRODUCT_BUNDLE_IDENTIFIER = com.emmanuelokonji.Fructus;
				PRODUCT_NAME = "$(TARGET_NAME)";
				SWIFT_VERSION = 5.0;
				TARGETED_DEVICE_FAMILY = "1,2";
			};
			name = Release;
		};
/* End XCBuildConfiguration section */

/* Begin XCConfigurationList section */
		740E1D9C2606207700074746 /* Build configuration list for PBXProject "Fructus" */ = {
			isa = XCConfigurationList;
			buildConfigurations = (
				740E1DAE2606207800074746 /* Debug */,
				740E1DAF2606207800074746 /* Release */,
			);
			defaultConfigurationIsVisible = 0;
			defaultConfigurationName = Release;
		};
		740E1DB02606207800074746 /* Build configuration list for PBXNativeTarget "Fructus" */ = {
			isa = XCConfigurationList;
			buildConfigurations = (
				740E1DB12606207800074746 /* Debug */,
				740E1DB22606207800074746 /* Release */,
			);
			defaultConfigurationIsVisible = 0;
			defaultConfigurationName = Release;
		};
/* End XCConfigurationList section */
	};
	rootObject = 740E1D992606207700074746 /* Project object */;
}
